
Microsoft Visual Studio Solution File, Format Version 12.00
# Visual Studio Version 16
VisualStudioVersion = 16.0.31702.278
MinimumVisualStudioVersion = 10.0.40219.1
Project("{FAE04EC0-301F-11D3-BF4B-00C04F79EFBC}") = "XFExtensionMethods.UWP", "XFExtensionMethods\XFExtensionMethods.UWP\XFExtensionMethods.UWP.csproj", "{85DB53F0-C734-476F-9002-70E6702866EF}"
EndProject
Project("{FAE04EC0-301F-11D3-BF4B-00C04F79EFBC}") = "XFExtensionMethods.Android", "XFExtensionMethods\XFExtensionMethods.Android\XFExtensionMethods.Android.csproj", "{CD428A8D-8732-4B11-BA45-5E0CE308953D}"
EndProject
Project("{FAE04EC0-301F-11D3-BF4B-00C04F79EFBC}") = "XFExtensionMethods.iOS", "XFExtensionMethods\XFExtensionMethods.iOS\XFExtensionMethods.iOS.csproj", "{28CA8727-06E1-44A7-AF83-9E5373111C90}"
EndProject
Project("{FAE04EC0-301F-11D3-BF4B-00C04F79EFBC}") = "XFExtensionMethods", "XFExtensionMethods\XFExtensionMethods\XFExtensionMethods.csproj", "{EB6FF73E-F24B-4624-A308-DE34E9DED09A}"
EndProject
Global
	GlobalSection(SolutionConfigurationPlatforms) = preSolution
		Debug|Any CPU = Debug|Any CPU
		Debug|ARM = Debug|ARM
		Debug|iPhone = Debug|iPhone
		Debug|iPhoneSimulator = Debug|iPhoneSimulator
		Debug|x64 = Debug|x64
		Debug|x86 = Debug|x86
		Release|Any CPU = Release|Any CPU
		Release|ARM = Release|ARM
		Release|iPhone = Release|iPhone
		Release|iPhoneSimulator = Release|iPhoneSimulator
		Release|x64 = Release|x64
		Release|x86 = Release|x86
	EndGlobalSection
	GlobalSection(ProjectConfigurationPlatforms) = postSolution
		{85DB53F0-C734-476F-9002-70E6702866EF}.Debug|Any CPU.ActiveCfg = Debug|x86
		{85DB53F0-C734-476F-9002-70E6702866EF}.Debug|Any CPU.Build.0 = Debug|x86
		{85DB53F0-C734-476F-9002-70E6702866EF}.Debug|Any CPU.Deploy.0 = Debug|x86
		{85DB53F0-C734-476F-9002-70E6702866EF}.Debug|ARM.ActiveCfg = Debug|ARM
		{85DB53F0-C734-476F-9002-70E6702866EF}.Debug|ARM.Build.0 = Debug|ARM
		{85DB53F0-C734-476F-9002-70E6702866EF}.Debug|ARM.Deploy.0 = Debug|ARM
		{85DB53F0-C734-476F-9002-70E6702866EF}.Debug|iPhone.ActiveCfg = Debug|x86
		{85DB53F0-C734-476F-9002-70E6702866EF}.Debug|iPhone.Build.0 = Debug|x86
		{85DB53F0-C734-476F-9002-70E6702866EF}.Debug|iPhone.Deploy.0 = Debug|x86
		{85DB53F0-C734-476F-9002-70E6702866EF}.Debug|iPhoneSimulator.ActiveCfg = Debug|x86
		{85DB53F0-C734-476F-9002-70E6702866EF}.Debug|iPhoneSimulator.Build.0 = Debug|x86
		{85DB53F0-C734-476F-9002-70E6702866EF}.Debug|iPhoneSimulator.Deploy.0 = Debug|x86
		{85DB53F0-C734-476F-9002-70E6702866EF}.Debug|x64.ActiveCfg = Debug|x64
		{85DB53F0-C734-476F-9002-70E6702866EF}.Debug|x64.Build.0 = Debug|x64
		{85DB53F0-C734-476F-9002-70E6702866EF}.Debug|x64.Deploy.0 = Debug|x64
		{85DB53F0-C734-476F-9002-70E6702866EF}.Debug|x86.ActiveCfg = Debug|x86
		{85DB53F0-C734-476F-9002-70E6702866EF}.Debug|x86.Build.0 = Debug|x86
		{85DB53F0-C734-476F-9002-70E6702866EF}.Debug|x86.Deploy.0 = Debug|x86
		{85DB53F0-C734-476F-9002-70E6702866EF}.Release|Any CPU.ActiveCfg = Release|x86
		{85DB53F0-C734-476F-9002-70E6702866EF}.Release|Any CPU.Build.0 = Release|x86
		{85DB53F0-C734-476F-9002-70E6702866EF}.Release|Any CPU.Deploy.0 = Release|x86
		{85DB53F0-C734-476F-9002-70E6702866EF}.Release|ARM.ActiveCfg = Release|ARM
		{85DB53F0-C734-476F-9002-70E6702866EF}.Release|ARM.Build.0 = Release|ARM
		{85DB53F0-C734-476F-9002-70E6702866EF}.Release|ARM.Deploy.0 = Release|ARM
		{85DB53F0-C734-476F-9002-70E6702866EF}.Release|iPhone.ActiveCfg = Release|x86
		{85DB53F0-C734-476F-9002-70E6702866EF}.Release|iPhone.Build.0 = Release|x86
		{85DB53F0-C734-476F-9002-70E6702866EF}.Release|iPhone.Deploy.0 = Release|x86
		{85DB53F0-C734-476F-9002-70E6702866EF}.Release|iPhoneSimulator.ActiveCfg = Release|x86
		{85DB53F0-C734-476F-9002-70E6702866EF}.Release|iPhoneSimulator.Build.0 = Release|x86
		{85DB53F0-C734-476F-9002-70E6702866EF}.Release|iPhoneSimulator.Deploy.0 = Release|x86
		{85DB53F0-C734-476F-9002-70E6702866EF}.Release|x64.ActiveCfg = Release|x64
		{85DB53F0-C734-476F-9002-70E6702866EF}.Release|x64.Build.0 = Release|x64
		{85DB53F0-C734-476F-9002-70E6702866EF}.Release|x64.Deploy.0 = Release|x64
		{85DB53F0-C734-476F-9002-70E6702866EF}.Release|x86.ActiveCfg = Release|x86
		{85DB53F0-C734-476F-9002-70E6702866EF}.Release|x86.Build.0 = Release|x86
		{85DB53F0-C734-476F-9002-70E6702866EF}.Release|x86.Deploy.0 = Release|x86
		{CD428A8D-8732-4B11-BA45-5E0CE308953D}.Debug|Any CPU.ActiveCfg = Debug|Any CPU
		{CD428A8D-8732-4B11-BA45-5E0CE308953D}.Debug|Any CPU.Build.0 = Debug|Any CPU
		{CD428A8D-8732-4B11-BA45-5E0CE308953D}.Debug|Any CPU.Deploy.0 = Debug|Any CPU
		{CD428A8D-8732-4B11-BA45-5E0CE308953D}.Debug|ARM.ActiveCfg = Debug|Any CPU
		{CD428A8D-8732-4B11-BA45-5E0CE308953D}.Debug|ARM.Build.0 = Debug|Any CPU
		{CD428A8D-8732-4B11-BA45-5E0CE308953D}.Debug|ARM.Deploy.0 = Debug|Any CPU
		{CD428A8D-8732-4B11-BA45-5E0CE308953D}.Debug|iPhone.ActiveCfg = Debug|Any CPU
		{CD428A8D-8732-4B11-BA45-5E0CE308953D}.Debug|iPhone.Build.0 = Debug|Any CPU
		{CD428A8D-8732-4B11-BA45-5E0CE308953D}.Debug|iPhone.Deploy.0 = Debug|Any CPU
		{CD428A8D-8732-4B11-BA45-5E0CE308953D}.Debug|iPhoneSimulator.ActiveCfg = Debug|Any CPU
		{CD428A8D-8732-4B11-BA45-5E0CE308953D}.Debug|iPhoneSimulator.Build.0 = Debug|Any CPU
		{CD428A8D-8732-4B11-BA45-5E0CE308953D}.Debug|iPhoneSimulator.Deploy.0 = Debug|Any CPU
		{CD428A8D-8732-4B11-BA45-5E0CE308953D}.Debug|x64.ActiveCfg = Debug|Any CPU
		{CD428A8D-8732-4B11-BA45-5E0CE308953D}.Debug|x64.Build.0 = Debug|Any CPU
		{CD428A8D-8732-4B11-BA45-5E0CE308953D}.Debug|x64.Deploy.0 = Debug|Any CPU
		{CD428A8D-8732-4B11-BA45-5E0CE308953D}.Debug|x86.ActiveCfg = Debug|Any CPU
		{CD428A8D-8732-4B11-BA45-5E0CE308953D}.Debug|x86.Build.0 = Debug|Any CPU
		{CD428A8D-8732-4B11-BA45-5E0CE308953D}.Debug|x86.Deploy.0 = Debug|Any CPU
		{CD428A8D-8732-4B11-BA45-5E0CE308953D}.Release|Any CPU.ActiveCfg = Release|Any CPU
		{CD428A8D-8732-4B11-BA45-5E0CE308953D}.Release|Any CPU.Build.0 = Release|Any CPU
		{CD428A8D-8732-4B11-BA45-5E0CE308953D}.Release|Any CPU.Deploy.0 = Release|Any CPU
		{CD428A8D-8732-4B11-BA45-5E0CE308953D}.Release|ARM.ActiveCfg = Release|Any CPU
		{CD428A8D-8732-4B11-BA45-5E0CE308953D}.Release|ARM.Build.0 = Release|Any CPU
		{CD428A8D-8732-4B11-BA45-5E0CE308953D}.Release|ARM.Deploy.0 = Release|Any CPU
		{CD428A8D-8732-4B11-BA45-5E0CE308953D}.Release|iPhone.ActiveCfg = Release|Any CPU
		{CD428A8D-8732-4B11-BA45-5E0CE308953D}.Release|iPhone.Build.0 = Release|Any CPU
		{CD428A8D-8732-4B11-BA45-5E0CE308953D}.Release|iPhone.Deploy.0 = Release|Any CPU
		{CD428A8D-8732-4B11-BA45-5E0CE308953D}.Release|iPhoneSimulator.ActiveCfg = Release|Any CPU
		{CD428A8D-8732-4B11-BA45-5E0CE308953D}.Release|iPhoneSimulator.Build.0 = Release|Any CPU
		{CD428A8D-8732-4B11-BA45-5E0CE308953D}.Release|iPhoneSimulator.Deploy.0 = Release|Any CPU
		{CD428A8D-8732-4B11-BA45-5E0CE308953D}.Release|x64.ActiveCfg = Release|Any CPU
		{CD428A8D-8732-4B11-BA45-5E0CE308953D}.Release|x64.Build.0 = Release|Any CPU
		{CD428A8D-8732-4B11-BA45-5E0CE308953D}.Release|x64.Deploy.0 = Release|Any CPU
		{CD428A8D-8732-4B11-BA45-5E0CE308953D}.Release|x86.ActiveCfg = Release|Any CPU
		{CD428A8D-8732-4B11-BA45-5E0CE308953D}.Release|x86.Build.0 = Release|Any CPU
		{CD428A8D-8732-4B11-BA45-5E0CE308953D}.Release|x86.Deploy.0 = Release|Any CPU
		{28CA8727-06E1-44A7-AF83-9E5373111C90}.Debug|Any CPU.ActiveCfg = Debug|iPhoneSimulator
		{28CA8727-06E1-44A7-AF83-9E5373111C90}.Debug|Any CPU.Build.0 = Debug|iPhoneSimulator
		{28CA8727-06E1-44A7-AF83-9E5373111C90}.Debug|Any CPU.Deploy.0 = Debug|iPhoneSimulator
		{28CA8727-06E1-44A7-AF83-9E5373111C90}.Debug|ARM.ActiveCfg = Debug|iPhone
		{28CA8727-06E1-44A7-AF83-9E5373111C90}.Debug|ARM.Build.0 = Debug|iPhone
		{28CA8727-06E1-44A7-AF83-9E5373111C90}.Debug|ARM.Deploy.0 = Debug|iPhone
		{28CA8727-06E1-44A7-AF83-9E5373111C90}.Debug|iPhone.ActiveCfg = Debug|iPhone
		{28CA8727-06E1-44A7-AF83-9E5373111C90}.Debug|iPhone.Build.0 = Debug|iPhone
		{28CA8727-06E1-44A7-AF83-9E5373111C90}.Debug|iPhone.Deploy.0 = Debug|iPhone
		{28CA8727-06E1-44A7-AF83-9E5373111C90}.Debug|iPhoneSimulator.ActiveCfg = Debug|iPhoneSimulator
		{28CA8727-06E1-44A7-AF83-9E5373111C90}.Debug|iPhoneSimulator.Build.0 = Debug|iPhoneSimulator
		{28CA8727-06E1-44A7-AF83-9E5373111C90}.Debug|iPhoneSimulator.Deploy.0 = Debug|iPhoneSimulator
		{28CA8727-06E1-44A7-AF83-9E5373111C90}.Debug|x64.ActiveCfg = Debug|iPhoneSimulator
		{28CA8727-06E1-44A7-AF83-9E5373111C90}.Debug|x64.Build.0 = Debug|iPhoneSimulator
		{28CA8727-06E1-44A7-AF83-9E5373111C90}.Debug|x64.Deploy.0 = Debug|iPhoneSimulator
		{28CA8727-06E1-44A7-AF83-9E5373111C90}.Debug|x86.ActiveCfg = Debug|iPhoneSimulator
		{28CA8727-06E1-44A7-AF83-9E5373111C90}.Debug|x86.Build.0 = Debug|iPhoneSimulator
		{28CA8727-06E1-44A7-AF83-9E5373111C90}.Debug|x86.Deploy.0 = Debug|iPhoneSimulator
		{28CA8727-06E1-44A7-AF83-9E5373111C90}.Release|Any CPU.ActiveCfg = Release|iPhoneSimulator
		{28CA8727-06E1-44A7-AF83-9E5373111C90}.Release|Any CPU.Build.0 = Release|iPhoneSimulator
		{28CA8727-06E1-44A7-AF83-9E5373111C90}.Release|Any CPU.Deploy.0 = Release|iPhoneSimulator
		{28CA8727-06E1-44A7-AF83-9E5373111C90}.Release|ARM.ActiveCfg = Release|iPhoneSimulator
		{28CA8727-06E1-44A7-AF83-9E5373111C90}.Release|ARM.Build.0 = Release|iPhoneSimulator
		{28CA8727-06E1-44A7-AF83-9E5373111C90}.Release|ARM.Deploy.0 = Release|iPhoneSimulator
		{28CA8727-06E1-44A7-AF83-9E5373111C90}.Release|iPhone.ActiveCfg = Release|iPhone
		{28CA8727-06E1-44A7-AF83-9E5373111C90}.Release|iPhone.Build.0 = Release|iPhone
		{28CA8727-06E1-44A7-AF83-9E5373111C90}.Release|iPhone.Deploy.0 = Release|iPhone
		{28CA8727-06E1-44A7-AF83-9E5373111C90}.Release|iPhoneSimulator.ActiveCfg = Release|iPhoneSimulator
		{28CA8727-06E1-44A7-AF83-9E5373111C90}.Release|iPhoneSimulator.Build.0 = Release|iPhoneSimulator
		{28CA8727-06E1-44A7-AF83-9E5373111C90}.Release|iPhoneSimulator.Deploy.0 = Release|iPhoneSimulator
		{28CA8727-06E1-44A7-AF83-9E5373111C90}.Release|x64.ActiveCfg = Release|iPhoneSimulator
		{28CA8727-06E1-44A7-AF83-9E5373111C90}.Release|x64.Build.0 = Release|iPhoneSimulator
		{28CA8727-06E1-44A7-AF83-9E5373111C90}.Release|x64.Deploy.0 = Release|iPhoneSimulator
		{28CA8727-06E1-44A7-AF83-9E5373111C90}.Release|x86.ActiveCfg = Release|iPhoneSimulator
		{28CA8727-06E1-44A7-AF83-9E5373111C90}.Release|x86.Build.0 = Release|iPhoneSimulator
		{28CA8727-06E1-44A7-AF83-9E5373111C90}.Release|x86.Deploy.0 = Release|iPhoneSimulator
		{EB6FF73E-F24B-4624-A308-DE34E9DED09A}.Debug|Any CPU.ActiveCfg = Debug|Any CPU
		{EB6FF73E-F24B-4624-A308-DE34E9DED09A}.Debug|Any CPU.Build.0 = Debug|Any CPU
		{EB6FF73E-F24B-4624-A308-DE34E9DED09A}.Debug|Any CPU.Deploy.0 = Debug|Any CPU
		{EB6FF73E-F24B-4624-A308-DE34E9DED09A}.Debug|ARM.ActiveCfg = Debug|Any CPU
		{EB6FF73E-F24B-4624-A308-DE34E9DED09A}.Debug|ARM.Build.0 = Debug|Any CPU
		{EB6FF73E-F24B-4624-A308-DE34E9DED09A}.Debug|ARM.Deploy.0 = Debug|Any CPU
		{EB6FF73E-F24B-4624-A308-DE34E9DED09A}.Debug|iPhone.ActiveCfg = Debug|Any CPU
		{EB6FF73E-F24B-4624-A308-DE34E9DED09A}.Debug|iPhone.Build.0 = Debug|Any CPU
		{EB6FF73E-F24B-4624-A308-DE34E9DED09A}.Debug|iPhone.Deploy.0 = Debug|Any CPU
		{EB6FF73E-F24B-4624-A308-DE34E9DED09A}.Debug|iPhoneSimulator.ActiveCfg = Debug|Any CPU
		{EB6FF73E-F24B-4624-A308-DE34E9DED09A}.Debug|iPhoneSimulator.Build.0 = Debug|Any CPU
		{EB6FF73E-F24B-4624-A308-DE34E9DED09A}.Debug|iPhoneSimulator.Deploy.0 = Debug|Any CPU
		{EB6FF73E-F24B-4624-A308-DE34E9DED09A}.Debug|x64.ActiveCfg = Debug|Any CPU
		{EB6FF73E-F24B-4624-A308-DE34E9DED09A}.Debug|x64.Build.0 = Debug|Any CPU
		{EB6FF73E-F24B-4624-A308-DE34E9DED09A}.Debug|x64.Deploy.0 = Debug|Any CPU
		{EB6FF73E-F24B-4624-A308-DE34E9DED09A}.Debug|x86.ActiveCfg = Debug|Any CPU
		{EB6FF73E-F24B-4624-A308-DE34E9DED09A}.Debug|x86.Build.0 = Debug|Any CPU
		{EB6FF73E-F24B-4624-A308-DE34E9DED09A}.Debug|x86.Deploy.0 = Debug|Any CPU
		{EB6FF73E-F24B-4624-A308-DE34E9DED09A}.Release|Any CPU.ActiveCfg = Release|Any CPU
		{EB6FF73E-F24B-4624-A308-DE34E9DED09A}.Release|Any CPU.Build.0 = Release|Any CPU
		{EB6FF73E-F24B-4624-A308-DE34E9DED09A}.Release|Any CPU.Deploy.0 = Release|Any CPU
		{EB6FF73E-F24B-4624-A308-DE34E9DED09A}.Release|ARM.ActiveCfg = Release|Any CPU
		{EB6FF73E-F24B-4624-A308-DE34E9DED09A}.Release|ARM.Build.0 = Release|Any CPU
		{EB6FF73E-F24B-4624-A308-DE34E9DED09A}.Release|ARM.Deploy.0 = Release|Any CPU
		{EB6FF73E-F24B-4624-A308-DE34E9DED09A}.Release|iPhone.ActiveCfg = Release|Any CPU
		{EB6FF73E-F24B-4624-A308-DE34E9DED09A}.Release|iPhone.Build.0 = Release|Any CPU
		{EB6FF73E-F24B-4624-A308-DE34E9DED09A}.Release|iPhone.Deploy.0 = Release|Any CPU
		{EB6FF73E-F24B-4624-A308-DE34E9DED09A}.Release|iPhoneSimulator.ActiveCfg = Release|Any CPU
		{EB6FF73E-F24B-4624-A308-DE34E9DED09A}.Release|iPhoneSimulator.Build.0 = Release|Any CPU
		{EB6FF73E-F24B-4624-A308-DE34E9DED09A}.Release|iPhoneSimulator.Deploy.0 = Release|Any CPU
		{EB6FF73E-F24B-4624-A308-DE34E9DED09A}.Release|x64.ActiveCfg = Release|Any CPU
		{EB6FF73E-F24B-4624-A308-DE34E9DED09A}.Release|x64.Build.0 = Release|Any CPU
		{EB6FF73E-F24B-4624-A308-DE34E9DED09A}.Release|x64.Deploy.0 = Release|Any CPU
		{EB6FF73E-F24B-4624-A308-DE34E9DED09A}.Release|x86.ActiveCfg = Release|Any CPU
		{EB6FF73E-F24B-4624-A308-DE34E9DED09A}.Release|x86.Build.0 = Release|Any CPU
		{EB6FF73E-F24B-4624-A308-DE34E9DED09A}.Release|x86.Deploy.0 = Release|Any CPU
	EndGlobalSection
	GlobalSection(SolutionProperties) = preSolution
		HideSolutionNode = FALSE
	EndGlobalSection
	GlobalSection(ExtensibilityGlobals) = postSolution
		SolutionGuid = {8AC3A76E-6F0E-4BEE-8F3B-019088C10C1E}
	EndGlobalSection
EndGlobal
